
Microsoft Visual Studio Solution File, Format Version 12.00
# Visual Studio 14
VisualStudioVersion = 14.0.25420.1
MinimumVisualStudioVersion = 10.0.40219.1
Project("{FAE04EC0-301F-11D3-BF4B-00C04F79EFBC}") = "Phoneword_iOS", "Phoneword_iOS\Phoneword_iOS.csproj", "{CF1DC99F-BEA2-4D76-8017-29094492486B}"
EndProject
Global
	GlobalSection(SolutionConfigurationPlatforms) = preSolution
		Ad-Hoc|iPhone = Ad-Hoc|iPhone
		Ad-Hoc|iPhoneSimulator = Ad-Hoc|iPhoneSimulator
		AppStore|iPhone = AppStore|iPhone
		AppStore|iPhoneSimulator = AppStore|iPhoneSimulator
		Debug|iPhone = Debug|iPhone
		Debug|iPhoneSimulator = Debug|iPhoneSimulator
		Release|iPhone = Release|iPhone
		Release|iPhoneSimulator = Release|iPhoneSimulator
	EndGlobalSection
	GlobalSection(ProjectConfigurationPlatforms) = postSolution
		{CF1DC99F-BEA2-4D76-8017-29094492486B}.Ad-Hoc|iPhone.ActiveCfg = Ad-Hoc|iPhone
		{CF1DC99F-BEA2-4D76-8017-29094492486B}.Ad-Hoc|iPhone.Build.0 = Ad-Hoc|iPhone
		{CF1DC99F-BEA2-4D76-8017-29094492486B}.Ad-Hoc|iPhoneSimulator.ActiveCfg = Ad-Hoc|iPhoneSimulator
		{CF1DC99F-BEA2-4D76-8017-29094492486B}.Ad-Hoc|iPhoneSimulator.Build.0 = Ad-Hoc|iPhoneSimulator
		{CF1DC99F-BEA2-4D76-8017-29094492486B}.AppStore|iPhone.ActiveCfg = AppStore|iPhone
		{CF1DC99F-BEA2-4D76-8017-29094492486B}.AppStore|iPhone.Build.0 = AppStore|iPhone
		{CF1DC99F-BEA2-4D76-8017-29094492486B}.AppStore|iPhoneSimulator.ActiveCfg = AppStore|iPhoneSimulator
		{CF1DC99F-BEA2-4D76-8017-29094492486B}.AppStore|iPhoneSimulator.Build.0 = AppStore|iPhoneSimulator
		{CF1DC99F-BEA2-4D76-8017-29094492486B}.Debug|iPhone.ActiveCfg = Debug|iPhone
		{CF1DC99F-BEA2-4D76-8017-29094492486B}.Debug|iPhone.Build.0 = Debug|iPhone
		{CF1DC99F-BEA2-4D76-8017-29094492486B}.Debug|iPhoneSimulator.ActiveCfg = Debug|iPhoneSimulator
		{CF1DC99F-BEA2-4D76-8017-29094492486B}.Debug|iPhoneSimulator.Build.0 = Debug|iPhoneSimulator
		{CF1DC99F-BEA2-4D76-8017-29094492486B}.Release|iPhone.ActiveCfg = Release|iPhone
		{CF1DC99F-BEA2-4D76-8017-29094492486B}.Release|iPhone.Build.0 = Release|iPhone
		{CF1DC99F-BEA2-4D76-8017-29094492486B}.Release|iPhoneSimulator.ActiveCfg = Release|iPhoneSimulator
		{CF1DC99F-BEA2-4D76-8017-29094492486B}.Release|iPhoneSimulator.Build.0 = Release|iPhoneSimulator
	EndGlobalSection
	GlobalSection(SolutionProperties) = preSolution
		HideSolutionNode = FALSE
	EndGlobalSection
EndGlobal
